{
  "name": "axe-selenium-python",
  "version": "0.0.1",
  "lockfileVersion": 1,
  "requires": true,
  "dependencies": {
    "axe-core": {
      "version": "4.5.1",
      "resolved": "https://registry.npmjs.org/@axe-core/webdriverjs/-/webdriverjs-4.5.1.tgz",
      "integrity": "sha512-YLMtBd6SmlKOaPQ45wG6rVn4mABKJm8mum93MpxVNdt24/7NJhQ5RCM6qOvDCNxSZ3mC3divplmQaI43YFTqMA=="
    }
  }
}
